version = 1
requires-python = ">=3.10"

[[package]]
name = "av"
version = "17.0.1"
source = { registry = "https://pypi.org/simple" }
sdist = { url = "https://files.pythonhosted.org/packages/4e/f0/8c8dca97ae0cf00e8e2a53bb5cb9aca5fd484f585ef3e9b412200aff3ebd/av-17.0.1.tar.gz", hash = "sha256:fbcbd4aa43bca6a8691816283112d1659a27f407bbeb66d1397023691339f5d4", size = 4411938 }
wheels = [
    { url = "https://files.pythonhosted.org/packages/f8/0c/cbc39b090ec8d30ff795f1fd2cde1b686d1943051cb11a6ba699a10c95cd/av-17.0.1-cp310-cp310-macosx_11_0_x86_64.whl", hash = "sha256:985c21095bfb9c4bb7ba362fbef7bf0194bd72b1d7d3c46e30d1f47c5d38b4df", size = 23409596 },
    { url = "https://files.pythonhosted.org/packages/01/cf/f92dc08c14c6f6fd89f98c25803f2024dbc6a43894e371925181a7d7a120/av-17.0.1-cp310-cp310-macosx_14_0_arm64.whl", hash = "sha256:f585358fe0127990aea7887e940de4cdd745a2770605c31e54b2418fd0fdd8bd", size = 18831018 },
    { url = "https://files.pythonhosted.org/packages/a3/38/1769c0315df060f9631727ac757e20d36f9413a9f7fa8b085ed1ccd69001/av-17.0.1-cp310-cp310-manylinux_2_28_aarch64.whl", hash = "sha256:50f9dd53a8ebef77606dca3b21710f660f9a6478484e79b9abda7c787b4f2403", size = 35336690 },
    { url = "https://files.pythonhosted.org/packages/e4/9c/6f2abe6179e9828f6e334201a6d3ca14e90e6eb4fb5ff0ccca68e7b0beb2/av-17.0.1-cp310-cp310-manylinux_2_28_x86_64.whl", hash = "sha256:8270634c409f8efc9a24216e5dd90313d873b26ea4b5f172b14de52cbd15121c", size = 37669836 },
    { url = "https://files.pythonhosted.org/packages/a1/0b/f050ba5d3f294a2250f8b64eaa6059fc6df39573e5960f5833850aa50033/av-17.0.1-cp310-cp310-musllinux_1_2_aarch64.whl", hash = "sha256:3a3f33bbfed2bcc65be37941bfeb6cc20bbe9cb7afc4ef1ac8d330972df098f9", size = 36536999 },
    { url = "https://files.pythonhosted.org/packages/cf/31/f9ed99d4c483bdb3695b7f4d5997cb2dc0b2d57ce1a6d28bce867b5ddaf9/av-17.0.1-cp310-cp310-musllinux_1_2_x86_64.whl", hash = "sha256:09b1f1601cc4a4d9e616d197b345c363ba6abfe567cb3d6b18e45516126692b6", size = 38800109 },
    { url = "https://files.pythonhosted.org/packages/14/30/9b6c933458a585508b4585dba552b2bad57ef17908bcff109275b1eb9a39/av-17.0.1-cp310-cp310-win_amd64.whl", hash = "sha256:f63b30067e6d88a3cce0d73d01ecfc0e6f091ad2bcf689db5dc305b0b4e8348c", size = 28985245 },
    { url = "https://files.pythonhosted.org/packages/4c/82/e7007dcef7bd2d2c377e2e85977701384f42d19fc808c2ccb3a99eaf58f2/av-17.0.1-cp311-abi3-macosx_11_0_x86_64.whl", hash = "sha256:987f4f46ceae4da6c614dcbd2b8149be9dbf680c3bb7a6841c58af9cff4d9230", size = 23238802 },
    { url = "https://files.pythonhosted.org/packages/6b/aa/858b09a08ea6f83f91be44b5a5adad13ae8d9ac8b80fda27e73c24bfb160/av-17.0.1-cp311-abi3-macosx_14_0_arm64.whl", hash = "sha256:d97f54e55b18a74912f479c1978aadd1341d38d892dee95bb5c2f2dccfa72f32", size = 18709338 },
    { url = "https://files.pythonhosted.org/packages/a8/8b/8de3fd21c4b0b74d44337421abeab0e71462337fb6a28fff888e0c356cbd/av-17.0.1-cp311-abi3-manylinux_2_28_aarch64.whl", hash = "sha256:e6eee84afa48d0e9321047cd3e4facd44b401493f6bdc753e2e1d1e7c9e6d13e", size = 34007351 },
    { url = "https://files.pythonhosted.org/packages/02/28/167b291356c2cc315a2d62a95b0ceace72b5b0bf547de30b89313110f032/av-17.0.1-cp311-abi3-manylinux_2_28_x86_64.whl", hash = "sha256:c58c71bffd9383908c85695ac61d3184c668accb04a5bd1b262e0fb8d09f60a5", size = 36345295 },
    { url = "https://files.pythonhosted.org/packages/04/fa/aae56f2ff2c204c408641e1120f5ca5ce9c3390cf5362245c6f1158704b5/av-17.0.1-cp311-abi3-musllinux_1_2_aarch64.whl", hash = "sha256:42d6745d30a410ec9b22aef79a52a7ab5a001eb8f5adfd952946606a30983318", size = 35183754 },
    { url = "https://files.pythonhosted.org/packages/ba/bd/776046f27093aef80155a204ca7d82a887ae4ee72ba4ef8411b46ea7898c/av-17.0.1-cp311-abi3-musllinux_1_2_x86_64.whl", hash = "sha256:3ed6bcd7021fe55832f95b8ef78dd01a4cb21faf3cd71f1e1bf4f20bf100b278", size = 37430809 },
    { url = "https://files.pythonhosted.org/packages/d9/d5/3261bd2c6b7f6c0aa8379fc970d1ecf496330990b992ad28607785074268/av-17.0.1-cp311-abi3-win_amd64.whl", hash = "sha256:9af524e8632a54032e361d6b88895bd3e7c6212ca560de60f5ccc525323c764c", size = 28889649 },
    { url = "https://files.pythonhosted.org/packages/98/39/381104e427a0c7231d2ec0d25d538d58fc20fc0458846b95860d3ef8073b/av-17.0.1-cp311-abi3-win_arm64.whl", hash = "sha256:50e58a473d65ea29b645e45c9fd8518a6783737135683ecc40571a91592bdfe4", size = 21918412 },
    { url = "https://files.pythonhosted.org/packages/c7/8c/bb1498f031abb6157b30b7fc2379359176953821b6ba59fbd89dbb56f61f/av-17.0.1-cp314-cp314t-macosx_11_0_x86_64.whl", hash = "sha256:1d33871742d1e71562db3c8e752cacc5a62766d7efc3ae408bff1c3e26ebb46e", size = 23484157 },
    { url = "https://files.pythonhosted.org/packages/1a/58/dedaef187b797243cd5762722e376c69c5ad95ab23db44127f09afc2cd66/av-17.0.1-cp314-cp314t-macosx_14_0_arm64.whl", hash = "sha256:1229e879f4b6431bc00f69d7f8891fe9a683b0a6e0e009e6c98eb7e449f0383d", size = 18920872 },
    { url = "https://files.pythonhosted.org/packages/9b/26/5c550231651d6285e6a5c4f6f4a0e67459bfe2b622a7c9352be8cca8c819/av-17.0.1-cp314-cp314t-manylinux_2_28_aarch64.whl", hash = "sha256:4744837f4116964280bcc72285e3cdd51361e98a696205aadd924203440ef511", size = 37471077 },
    { url = "https://files.pythonhosted.org/packages/59/e4/9807b89a9d775c6f015677996c48bce48aaff70b5d95885adf39e59832a2/av-17.0.1-cp314-cp314t-manylinux_2_28_x86_64.whl", hash = "sha256:3d0a7d45d9599bf9df9f8249827113d4f36df1cd6b5356227b997f0552dbc98e", size = 39566981 },
    { url = "https://files.pythonhosted.org/packages/5c/72/a22a657abc3de652f5b4f46cbbebdf7cba629752112791b81f05d340991d/av-17.0.1-cp314-cp314t-musllinux_1_2_aarch64.whl", hash = "sha256:9acd0b6a6e02af2b37f63d97a03ee2c47936d58e82425c3cd075a95245937c59", size = 38397369 },
    { url = "https://files.pythonhosted.org/packages/ae/b2/f4e83e41c1e3c186f34b7df506779d0cd7e40499e2e19519c7ece148cd20/av-17.0.1-cp314-cp314t-musllinux_1_2_x86_64.whl", hash = "sha256:3d3a36204cb1f1e7691e6446afa8d6b7097b09946dae732c71c5d05ce09e506e", size = 40582445 },
    { url = "https://files.pythonhosted.org/packages/c8/59/8676188b72eed09d48ce6cfaf0f22b0bb9f3cfd74d388ee2b7fdf960536d/av-17.0.1-cp314-cp314t-win_amd64.whl", hash = "sha256:b87b98afe971cde123953073bc9c95ab0b7efd2ecc082dd2dbd11f9d9abf190e", size = 29217136 },
    { url = "https://files.pythonhosted.org/packages/5f/af/0a6e1d2a845988039f6c197fa7269b5e9abbe17354fb41cc9d75bb260fcb/av-17.0.1-cp314-cp314t-win_arm64.whl", hash = "sha256:a87a42c36e29f75e7dff7281944f2a6876a2c8875e225ccbf6c1ae62748b4caa", size = 22072676 },
]

[[package]]
name = "numpy"
version = "2.2.6"
source = { registry = "https://pypi.org/simple" }
sdist = { url = "https://files.pythonhosted.org/packages/76/21/7d2a95e4bba9dc13d043ee156a356c0a8f0c6309dff6b21b4d71a073b8a8/numpy-2.2.6.tar.gz", hash = "sha256:e29554e2bef54a90aa5cc07da6ce955accb83f21ab5de01a62c8478897b264fd", size = 20276440 }
wheels = [
    { url = "https://files.pythonhosted.org/packages/9a/3e/ed6db5be21ce87955c0cbd3009f2803f59fa08df21b5df06862e2d8e2bdd/numpy-2.2.6-cp310-cp310-macosx_10_9_x86_64.whl", hash = "sha256:b412caa66f72040e6d268491a59f2c43bf03eb6c96dd8f0307829feb7fa2b6fb", size = 21165245 },
    { url = "https://files.pythonhosted.org/packages/22/c2/4b9221495b2a132cc9d2eb862e21d42a009f5a60e45fc44b00118c174bff/numpy-2.2.6-cp310-cp310-macosx_11_0_arm64.whl", hash = "sha256:8e41fd67c52b86603a91c1a505ebaef50b3314de0213461c7a6e99c9a3beff90", size = 14360048 },
    { url = "https://files.pythonhosted.org/packages/fd/77/dc2fcfc66943c6410e2bf598062f5959372735ffda175b39906d54f02349/numpy-2.2.6-cp310-cp310-macosx_14_0_arm64.whl", hash = "sha256:37e990a01ae6ec7fe7fa1c26c55ecb672dd98b19c3d0e1d1f326fa13cb38d163", size = 5340542 },
    { url = "https://files.pythonhosted.org/packages/7a/4f/1cb5fdc353a5f5cc7feb692db9b8ec2c3d6405453f982435efc52561df58/numpy-2.2.6-cp310-cp310-macosx_14_0_x86_64.whl", hash = "sha256:5a6429d4be8ca66d889b7cf70f536a397dc45ba6faeb5f8c5427935d9592e9cf", size = 6878301 },
    { url = "https://files.pythonhosted.org/packages/eb/17/96a3acd228cec142fcb8723bd3cc39c2a474f7dcf0a5d16731980bcafa95/numpy-2.2.6-cp310-cp310-manylinux_2_17_aarch64.manylinux2014_aarch64.whl", hash = "sha256:efd28d4e9cd7d7a8d39074a4d44c63eda73401580c5c76acda2ce969e0a38e83", size = 14297320 },
    { url = "https://files.pythonhosted.org/packages/b4/63/3de6a34ad7ad6646ac7d2f55ebc6ad439dbbf9c4370017c50cf403fb19b5/numpy-2.2.6-cp310-cp310-manylinux_2_17_x86_64.manylinux2014_x86_64.whl", hash = "sha256:fc7b73d02efb0e18c000e9ad8b83480dfcd5dfd11065997ed4c6747470ae8915", size = 16801050 },
    { url = "https://files.pythonhosted.org/packages/07/b6/89d837eddef52b3d0cec5c6ba0456c1bf1b9ef6a6672fc2b7873c3ec4e2e/numpy-2.2.6-cp310-cp310-musllinux_1_2_aarch64.whl", hash = "sha256:74d4531beb257d2c3f4b261bfb0fc09e0f9ebb8842d82a7b4209415896adc680", size = 15807034 },
    { url = "https://files.pythonhosted.org/packages/01/c8/dc6ae86e3c61cfec1f178e5c9f7858584049b6093f843bca541f94120920/numpy-2.2.6-cp310-cp310-musllinux_1_2_x86_64.whl", hash = "sha256:8fc377d995680230e83241d8a96def29f204b5782f371c532579b4f20607a289", size = 18614185 },
    { url = "https://files.pythonhosted.org/packages/5b/c5/0064b1b7e7c89137b471ccec1fd2282fceaae0ab3a9550f2568782d80357/numpy-2.2.6-cp310-cp310-win32.whl", hash = "sha256:b093dd74e50a8cba3e873868d9e93a85b78e0daf2e98c6797566ad8044e8363d", size = 6527149 },
    { url = "https://files.pythonhosted.org/packages/a3/dd/4b822569d6b96c39d1215dbae0582fd99954dcbcf0c1a13c61783feaca3f/numpy-2.2.6-cp310-cp310-win_amd64.whl", hash = "sha256:f0fd6321b839904e15c46e0d257fdd101dd7f530fe03fd6359c1ea63738703f3", size = 12904620 },
    { url = "https://files.pythonhosted.org/packages/da/a8/4f83e2aa666a9fbf56d6118faaaf5f1974d456b1823fda0a176eff722839/numpy-2.2.6-cp311-cp311-macosx_10_9_x86_64.whl", hash = "sha256:f9f1adb22318e121c5c69a09142811a201ef17ab257a1e66ca3025065b7f53ae", size = 21176963 },
    { url = "https://files.pythonhosted.org/packages/b3/2b/64e1affc7972decb74c9e29e5649fac940514910960ba25cd9af4488b66c/numpy-2.2.6-cp311-cp311-macosx_11_0_arm64.whl", hash = "sha256:c820a93b0255bc360f53eca31a0e676fd1101f673dda8da93454a12e23fc5f7a", size = 14406743 },
    { url = "https://files.pythonhosted.org/packages/4a/9f/0121e375000b5e50ffdd8b25bf78d8e1a5aa4cca3f185d41265198c7b834/numpy-2.2.6-cp311-cp311-macosx_14_0_arm64.whl", hash = "sha256:3d70692235e759f260c3d837193090014aebdf026dfd167834bcba43e30c2a42", size = 5352616 },
    { url = "https://files.pythonhosted.org/packages/31/0d/b48c405c91693635fbe2dcd7bc84a33a602add5f63286e024d3b6741411c/numpy-2.2.6-cp311-cp311-macosx_14_0_x86_64.whl", hash = "sha256:481b49095335f8eed42e39e8041327c05b0f6f4780488f61286ed3c01368d491", size = 6889579 },
    { url = "https://files.pythonhosted.org/packages/52/b8/7f0554d49b565d0171eab6e99001846882000883998e7b7d9f0d98b1f934/numpy-2.2.6-cp311-cp311-manylinux_2_17_aarch64.manylinux2014_aarch64.whl", hash = "sha256:b64d8d4d17135e00c8e346e0a738deb17e754230d7e0810ac5012750bbd85a5a", size = 14312005 },
    { url = "https://files.pythonhosted.org/packages/b3/dd/2238b898e51bd6d389b7389ffb20d7f4c10066d80351187ec8e303a5a475/numpy-2.2.6-cp311-cp311-manylinux_2_17_x86_64.manylinux2014_x86_64.whl", hash = "sha256:ba10f8411898fc418a521833e014a77d3ca01c15b0c6cdcce6a0d2897e6dbbdf", size = 16821570 },
    { url = "https://files.pythonhosted.org/packages/83/6c/44d0325722cf644f191042bf47eedad61c1e6df2432ed65cbe28509d404e/numpy-2.2.6-cp311-cp311-musllinux_1_2_aarch64.whl", hash = "sha256:bd48227a919f1bafbdda0583705e547892342c26fb127219d60a5c36882609d1", size = 15818548 },
    { url = "https://files.pythonhosted.org/packages/ae/9d/81e8216030ce66be25279098789b665d49ff19eef08bfa8cb96d4957f422/numpy-2.2.6-cp311-cp311-musllinux_1_2_x86_64.whl", hash = "sha256:9551a499bf125c1d4f9e250377c1ee2eddd02e01eac6644c080162c0c51778ab", size = 18620521 },
    { url = "https://files.pythonhosted.org/packages/6a/fd/e19617b9530b031db51b0926eed5345ce8ddc669bb3bc0044b23e275ebe8/numpy-2.2.6-cp311-cp311-win32.whl", hash = "sha256:0678000bb9ac1475cd454c6b8c799206af8107e310843532b04d49649c717a47", size = 6525866 },
    { url = "https://files.pythonhosted.org/packages/31/0a/f354fb7176b81747d870f7991dc763e157a934c717b67b58456bc63da3df/numpy-2.2.6-cp311-cp311-win_amd64.whl", hash = "sha256:e8213002e427c69c45a52bbd94163084025f533a55a59d6f9c5b820774ef3303", size = 12907455 },
    { url = "https://files.pythonhosted.org/packages/82/5d/c00588b6cf18e1da539b45d3598d3557084990dcc4331960c15ee776ee41/numpy-2.2.6-cp312-cp312-macosx_10_13_x86_64.whl", hash = "sha256:41c5a21f4a04fa86436124d388f6ed60a9343a6f767fced1a8a71c3fbca038ff", size = 20875348 },
    { url = "https://files.pythonhosted.org/packages/66/ee/560deadcdde6c2f90200450d5938f63a34b37e27ebff162810f716f6a230/numpy-2.2.6-cp312-cp312-macosx_11_0_arm64.whl", hash = "sha256:de749064336d37e340f640b05f24e9e3dd678c57318c7289d222a8a2f543e90c", size = 14119362 },
    { url = "https://files.pythonhosted.org/packages/3c/65/4baa99f1c53b30adf0acd9a5519078871ddde8d2339dc5a7fde80d9d87da/numpy-2.2.6-cp312-cp312-macosx_14_0_arm64.whl", hash = "sha256:894b3a42502226a1cac872f840030665f33326fc3dac8e57c607905773cdcde3", size = 5084103 },
    { url = "https://files.pythonhosted.org/packages/cc/89/e5a34c071a0570cc40c9a54eb472d113eea6d002e9ae12bb3a8407fb912e/numpy-2.2.6-cp312-cp312-macosx_14_0_x86_64.whl", hash = "sha256:71594f7c51a18e728451bb50cc60a3ce4e6538822731b2933209a1f3614e9282", size = 6625382 },
    { url = "https://files.pythonhosted.org/packages/f8/35/8c80729f1ff76b3921d5c9487c7ac3de9b2a103b1cd05e905b3090513510/numpy-2.2.6-cp312-cp312-manylinux_2_17_aarch64.manylinux2014_aarch64.whl", hash = "sha256:f2618db89be1b4e05f7a1a847a9c1c0abd63e63a1607d892dd54668dd92faf87", size = 14018462 },
    { url = "https://files.pythonhosted.org/packages/8c/3d/1e1db36cfd41f895d266b103df00ca5b3cbe965184df824dec5c08c6b803/numpy-2.2.6-cp312-cp312-manylinux_2_17_x86_64.manylinux2014_x86_64.whl", hash = "sha256:fd83c01228a688733f1ded5201c678f0c53ecc1006ffbc404db9f7a899ac6249", size = 16527618 },
    { url = "https://files.pythonhosted.org/packages/61/c6/03ed30992602c85aa3cd95b9070a514f8b3c33e31124694438d88809ae36/numpy-2.2.6-cp312-cp312-musllinux_1_2_aarch64.whl", hash = "sha256:37c0ca431f82cd5fa716eca9506aefcabc247fb27ba69c5062a6d3ade8cf8f49", size = 15505511 },
    { url = "https://files.pythonhosted.org/packages/b7/25/5761d832a81df431e260719ec45de696414266613c9ee268394dd5ad8236/numpy-2.2.6-cp312-cp312-musllinux_1_2_x86_64.whl", hash = "sha256:fe27749d33bb772c80dcd84ae7e8df2adc920ae8297400dabec45f0dedb3f6de", size = 18313783 },
    { url = "https://files.pythonhosted.org/packages/57/0a/72d5a3527c5ebffcd47bde9162c39fae1f90138c961e5296491ce778e682/numpy-2.2.6-cp312-cp312-win32.whl", hash = "sha256:4eeaae00d789f66c7a25ac5f34b71a7035bb474e679f410e5e1a94deb24cf2d4", size = 6246506 },
    { url = "https://files.pythonhosted.org/packages/36/fa/8c9210162ca1b88529ab76b41ba02d433fd54fecaf6feb70ef9f124683f1/numpy-2.2.6-cp312-cp312-win_amd64.whl", hash = "sha256:c1f9540be57940698ed329904db803cf7a402f3fc200bfe599334c9bd84a40b2", size = 12614190 },
    { url = "https://files.pythonhosted.org/packages/f9/5c/6657823f4f594f72b5471f1db1ab12e26e890bb2e41897522d134d2a3e81/numpy-2.2.6-cp313-cp313-macosx_10_13_x86_64.whl", hash = "sha256:0811bb762109d9708cca4d0b13c4f67146e3c3b7cf8d34018c722adb2d957c84", size = 20867828 },
    { url = "https://files.pythonhosted.org/packages/dc/9e/14520dc3dadf3c803473bd07e9b2bd1b69bc583cb2497b47000fed2fa92f/numpy-2.2.6-cp313-cp313-macosx_11_0_arm64.whl", hash = "sha256:287cc3162b6f01463ccd86be154f284d0893d2b3ed7292439ea97eafa8170e0b", size = 14143006 },
    { url = "https://files.pythonhosted.org/packages/4f/06/7e96c57d90bebdce9918412087fc22ca9851cceaf5567a45c1f404480e9e/numpy-2.2.6-cp313-cp313-macosx_14_0_arm64.whl", hash = "sha256:f1372f041402e37e5e633e586f62aa53de2eac8d98cbfb822806ce4bbefcb74d", size = 5076765 },
    { url = "https://files.pythonhosted.org/packages/73/ed/63d920c23b4289fdac96ddbdd6132e9427790977d5457cd132f18e76eae0/numpy-2.2.6-cp313-cp313-macosx_14_0_x86_64.whl", hash = "sha256:55a4d33fa519660d69614a9fad433be87e5252f4b03850642f88993f7b2ca566", size = 6617736 },
    { url = "https://files.pythonhosted.org/packages/85/c5/e19c8f99d83fd377ec8c7e0cf627a8049746da54afc24ef0a0cb73d5dfb5/numpy-2.2.6-cp313-cp313-manylinux_2_17_aarch64.manylinux2014_aarch64.whl", hash = "sha256:f92729c95468a2f4f15e9bb94c432a9229d0d50de67304399627a943201baa2f", size = 14010719 },
    { url = "https://files.pythonhosted.org/packages/19/49/4df9123aafa7b539317bf6d342cb6d227e49f7a35b99c287a6109b13dd93/numpy-2.2.6-cp313-cp313-manylinux_2_17_x86_64.manylinux2014_x86_64.whl", hash = "sha256:1bc23a79bfabc5d056d106f9befb8d50c31ced2fbc70eedb8155aec74a45798f", size = 16526072 },
    { url = "https://files.pythonhosted.org/packages/b2/6c/04b5f47f4f32f7c2b0e7260442a8cbcf8168b0e1a41ff1495da42f42a14f/numpy-2.2.6-cp313-cp313-musllinux_1_2_aarch64.whl", hash = "sha256:e3143e4451880bed956e706a3220b4e5cf6172ef05fcc397f6f36a550b1dd868", size = 15503213 },
    { url = "https://files.pythonhosted.org/packages/17/0a/5cd92e352c1307640d5b6fec1b2ffb06cd0dabe7d7b8227f97933d378422/numpy-2.2.6-cp313-cp313-musllinux_1_2_x86_64.whl", hash = "sha256:b4f13750ce79751586ae2eb824ba7e1e8dba64784086c98cdbbcc6a42112ce0d", size = 18316632 },
    { url = "https://files.pythonhosted.org/packages/f0/3b/5cba2b1d88760ef86596ad0f3d484b1cbff7c115ae2429678465057c5155/numpy-2.2.6-cp313-cp313-win32.whl", hash = "sha256:5beb72339d9d4fa36522fc63802f469b13cdbe4fdab4a288f0c441b74272ebfd", size = 6244532 },
    { url = "https://files.pythonhosted.org/packages/cb/3b/d58c12eafcb298d4e6d0d40216866ab15f59e55d148a5658bb3132311fcf/numpy-2.2.6-cp313-cp313-win_amd64.whl", hash = "sha256:b0544343a702fa80c95ad5d3d608ea3599dd54d4632df855e4c8d24eb6ecfa1c", size = 12610885 },
    { url = "https://files.pythonhosted.org/packages/6b/9e/4bf918b818e516322db999ac25d00c75788ddfd2d2ade4fa66f1f38097e1/numpy-2.2.6-cp313-cp313t-macosx_10_13_x86_64.whl", hash = "sha256:0bca768cd85ae743b2affdc762d617eddf3bcf8724435498a1e80132d04879e6", size = 20963467 },
    { url = "https://files.pythonhosted.org/packages/61/66/d2de6b291507517ff2e438e13ff7b1e2cdbdb7cb40b3ed475377aece69f9/numpy-2.2.6-cp313-cp313t-macosx_11_0_arm64.whl", hash = "sha256:fc0c5673685c508a142ca65209b4e79ed6740a4ed6b2267dbba90f34b0b3cfda", size = 14225144 },
    { url = "https://files.pythonhosted.org/packages/e4/25/480387655407ead912e28ba3a820bc69af9adf13bcbe40b299d454ec011f/numpy-2.2.6-cp313-cp313t-macosx_14_0_arm64.whl", hash = "sha256:5bd4fc3ac8926b3819797a7c0e2631eb889b4118a9898c84f585a54d475b7e40", size = 5200217 },
    { url = "https://files.pythonhosted.org/packages/aa/4a/6e313b5108f53dcbf3aca0c0f3e9c92f4c10ce57a0a721851f9785872895/numpy-2.2.6-cp313-cp313t-macosx_14_0_x86_64.whl", hash = "sha256:fee4236c876c4e8369388054d02d0e9bb84821feb1a64dd59e137e6511a551f8", size = 6712014 },
    { url = "https://files.pythonhosted.org/packages/b7/30/172c2d5c4be71fdf476e9de553443cf8e25feddbe185e0bd88b096915bcc/numpy-2.2.6-cp313-cp313t-manylinux_2_17_aarch64.manylinux2014_aarch64.whl", hash = "sha256:e1dda9c7e08dc141e0247a5b8f49cf05984955246a327d4c48bda16821947b2f", size = 14077935 },
    { url = "https://files.pythonhosted.org/packages/12/fb/9e743f8d4e4d3c710902cf87af3512082ae3d43b945d5d16563f26ec251d/numpy-2.2.6-cp313-cp313t-manylinux_2_17_x86_64.manylinux2014_x86_64.whl", hash = "sha256:f447e6acb680fd307f40d3da4852208af94afdfab89cf850986c3ca00562f4fa", size = 16600122 },
    { url = "https://files.pythonhosted.org/packages/12/75/ee20da0e58d3a66f204f38916757e01e33a9737d0b22373b3eb5a27358f9/numpy-2.2.6-cp313-cp313t-musllinux_1_2_aarch64.whl", hash = "sha256:389d771b1623ec92636b0786bc4ae56abafad4a4c513d36a55dce14bd9ce8571", size = 15586143 },
    { url = "https://files.pythonhosted.org/packages/76/95/bef5b37f29fc5e739947e9ce5179ad402875633308504a52d188302319c8/numpy-2.2.6-cp313-cp313t-musllinux_1_2_x86_64.whl", hash = "sha256:8e9ace4a37db23421249ed236fdcdd457d671e25146786dfc96835cd951aa7c1", size = 18385260 },
    { url = "https://files.pythonhosted.org/packages/09/04/f2f83279d287407cf36a7a8053a5abe7be3622a4363337338f2585e4afda/numpy-2.2.6-cp313-cp313t-win32.whl", hash = "sha256:038613e9fb8c72b0a41f025a7e4c3f0b7a1b5d768ece4796b674c8f3fe13efff", size = 6377225 },
    { url = "https://files.pythonhosted.org/packages/67/0e/35082d13c09c02c011cf21570543d202ad929d961c02a147493cb0c2bdf5/numpy-2.2.6-cp313-cp313t-win_amd64.whl", hash = "sha256:6031dd6dfecc0cf9f668681a37648373bddd6421fff6c66ec1624eed0180ee06", size = 12771374 },
    { url = "https://files.pythonhosted.org/packages/9e/3b/d94a75f4dbf1ef5d321523ecac21ef23a3cd2ac8b78ae2aac40873590229/numpy-2.2.6-pp310-pypy310_pp73-macosx_10_15_x86_64.whl", hash = "sha256:0b605b275d7bd0c640cad4e5d30fa701a8d59302e127e5f79138ad62762c3e3d", size = 21040391 },
    { url = "https://files.pythonhosted.org/packages/17/f4/09b2fa1b58f0fb4f7c7963a1649c64c4d315752240377ed74d9cd878f7b5/numpy-2.2.6-pp310-pypy310_pp73-macosx_14_0_x86_64.whl", hash = "sha256:7befc596a7dc9da8a337f79802ee8adb30a552a94f792b9c9d18c840055907db", size = 6786754 },
    { url = "https://files.pythonhosted.org/packages/af/30/feba75f143bdc868a1cc3f44ccfa6c4b9ec522b36458e738cd00f67b573f/numpy-2.2.6-pp310-pypy310_pp73-manylinux_2_17_x86_64.manylinux2014_x86_64.whl", hash = "sha256:ce47521a4754c8f4593837384bd3424880629f718d87c5d44f8ed763edd63543", size = 16643476 },
    { url = "https://files.pythonhosted.org/packages/37/48/ac2a9584402fb6c0cd5b5d1a91dcf176b15760130dd386bbafdbfe3640bf/numpy-2.2.6-pp310-pypy310_pp73-win_amd64.whl", hash = "sha256:d042d24c90c41b54fd506da306759e06e568864df8ec17ccc17e9e884634fd00", size = 12812666 },
]

[[package]]
name = "pycairo"
version = "1.29.0"
source = { registry = "https://pypi.org/simple" }
sdist = { url = "https://files.pythonhosted.org/packages/22/d9/1728840a22a4ef8a8f479b9156aa2943cd98c3907accd3849fb0d5f82bfd/pycairo-1.29.0.tar.gz", hash = "sha256:f3f7fde97325cae80224c09f12564ef58d0d0f655da0e3b040f5807bd5bd3142", size = 665871 }
wheels = [
    { url = "https://files.pythonhosted.org/packages/23/e2/c08847af2a103517f7785830706b6d1d55274494d76ab605eb744404c22f/pycairo-1.29.0-cp310-cp310-win32.whl", hash = "sha256:96c67e6caba72afd285c2372806a0175b1aa2f4537aa88fb4d9802d726effcd1", size = 751339 },
    { url = "https://files.pythonhosted.org/packages/eb/36/2a934c6fd4f32d2011c4d9cc59a32e34e06a97dd9f4b138614078d39340b/pycairo-1.29.0-cp310-cp310-win_amd64.whl", hash = "sha256:65bddd944aee9f7d7d72821b1c87e97593856617c2820a78d589d66aa8afbd08", size = 845074 },
    { url = "https://files.pythonhosted.org/packages/1b/f0/ee0a887d8c8a6833940263b7234aaa63d8d95a27d6130a9a053867ff057c/pycairo-1.29.0-cp310-cp310-win_arm64.whl", hash = "sha256:15b36aea699e2ff215cb6a21501223246032e572a3a10858366acdd69c81a1c8", size = 694758 },
    { url = "https://files.pythonhosted.org/packages/31/92/1b904087e831806a449502786d47d3a468e5edb8f65755f6bd88e8038e53/pycairo-1.29.0-cp311-cp311-win32.whl", hash = "sha256:12757ebfb304b645861283c20585c9204c3430671fad925419cba04844d6dfed", size = 751342 },
    { url = "https://files.pythonhosted.org/packages/db/09/a0ab6a246a7ede89e817d749a941df34f27a74bedf15551da51e86ae105e/pycairo-1.29.0-cp311-cp311-win_amd64.whl", hash = "sha256:3391532db03f9601c1cee9ebfa15b7d1db183c6020f3e75c1348cee16825934f", size = 845036 },
    { url = "https://files.pythonhosted.org/packages/3c/b2/bf455454bac50baef553e7356d36b9d16e482403bf132cfb12960d2dc2e7/pycairo-1.29.0-cp311-cp311-win_arm64.whl", hash = "sha256:b69be8bb65c46b680771dc6a1a422b1cdd0cffb17be548f223e8cbbb6205567c", size = 694644 },
    { url = "https://files.pythonhosted.org/packages/f6/28/6363087b9e60af031398a6ee5c248639eefc6cc742884fa2789411b1f73b/pycairo-1.29.0-cp312-cp312-win32.whl", hash = "sha256:91bcd7b5835764c616a615d9948a9afea29237b34d2ed013526807c3d79bb1d0", size = 751486 },
    { url = "https://files.pythonhosted.org/packages/3a/d2/d146f1dd4ef81007686ac52231dd8f15ad54cf0aa432adaefc825475f286/pycairo-1.29.0-cp312-cp312-win_amd64.whl", hash = "sha256:3f01c3b5e49ef9411fff6bc7db1e765f542dc1c9cfed4542958a5afa3a8b8e76", size = 845383 },
    { url = "https://files.pythonhosted.org/packages/01/16/6e6f33bb79ec4a527c9e633915c16dc55a60be26b31118dbd0d5859e8c51/pycairo-1.29.0-cp312-cp312-win_arm64.whl", hash = "sha256:eafe3d2076f3533535ad4a361fa0754e0ee66b90e548a3a0f558fed00b1248f2", size = 694518 },
    { url = "https://files.pythonhosted.org/packages/f0/21/3f477dc318dd4e84a5ae6301e67284199d7e5a2384f3063714041086b65d/pycairo-1.29.0-cp313-cp313-win32.whl", hash = "sha256:3eb382a4141591807073274522f7aecab9e8fa2f14feafd11ac03a13a58141d7", size = 750949 },
    { url = "https://files.pythonhosted.org/packages/43/34/7d27a333c558d6ac16dbc12a35061d389735e99e494ee4effa4ec6d99bed/pycairo-1.29.0-cp313-cp313-win_amd64.whl", hash = "sha256:91114e4b3fbf4287c2b0788f83e1f566ce031bda49cf1c3c3c19c3e986e95c38", size = 844149 },
    { url = "https://files.pythonhosted.org/packages/15/43/e782131e23df69e5c8e631a016ed84f94bbc4981bf6411079f57af730a23/pycairo-1.29.0-cp313-cp313-win_arm64.whl", hash = "sha256:09b7f69a5ff6881e151354ea092137b97b0b1f0b2ab4eb81c92a02cc4a08e335", size = 693595 },
    { url = "https://files.pythonhosted.org/packages/2d/fa/87eaeeb9d53344c769839d7b2854db7ff2cd596211e00dd1b702eeb1838f/pycairo-1.29.0-cp314-cp314-win32.whl", hash = "sha256:69e2a7968a3fbb839736257bae153f547bca787113cc8d21e9e08ca4526e0b6b", size = 767198 },
    { url = "https://files.pythonhosted.org/packages/3c/90/3564d0f64d0a00926ab863dc3c4a129b1065133128e96900772e1c4421f8/pycairo-1.29.0-cp314-cp314-win_amd64.whl", hash = "sha256:e91243437a21cc4c67c401eff4433eadc45745275fa3ade1a0d877e50ffb90da", size = 871579 },
    { url = "https://files.pythonhosted.org/packages/5e/91/93632b6ba12ad69c61991e3208bde88486fdfc152be8cfdd13444e9bc650/pycairo-1.29.0-cp314-cp314-win_arm64.whl", hash = "sha256:b72200ea0e5f73ae4c788cd2028a750062221385eb0e6d8f1ecc714d0b4fdf82", size = 719537 },
    { url = "https://files.pythonhosted.org/packages/93/23/37053c039f8d3b9b5017af9bc64d27b680c48a898d48b72e6d6583cf0155/pycairo-1.29.0-cp314-cp314t-win_amd64.whl", hash = "sha256:5e45fce6185f553e79e4ef1722b8e98e6cde9900dbc48cb2637a9ccba86f627a", size = 874015 },
    { url = "https://files.pythonhosted.org/packages/d7/54/123f6239685f5f3f2edc123f1e38d2eefacebee18cf3c532d2f4bd51d0ef/pycairo-1.29.0-cp314-cp314t-win_arm64.whl", hash = "sha256:caba0837a4b40d47c8dfb0f24cccc12c7831e3dd450837f2a356c75f21ce5a15", size = 721404 },
]

[[package]]
name = "pygobject"
version = "3.50.2"
source = { registry = "https://pypi.org/simple" }
dependencies = [
    { name = "pycairo" },
]
sdist = { url = "https://files.pythonhosted.org/packages/a7/5d/f2946cc6c1baf56dee6e942af8cfa16472538a8ad9d780d9f484e7554288/pygobject-3.50.2.tar.gz", hash = "sha256:ece6b860aab77cb649fdfc6e88d8a83765e7a62f7ffd39a628d6e2a0d397a7ff", size = 1085854 }

[[package]]
name = "recording-worker"
version = "0.1.0"
source = { editable = "." }
dependencies = [
    { name = "av" },
    { name = "numpy" },
]

[package.optional-dependencies]
gstreamer = [
    { name = "pygobject" },
]

[package.metadata]
requires-dist = [
    { name = "av", specifier = ">=12.0.0" },
    { name = "numpy", specifier = ">=1.26.0" },
    { name = "pygobject", marker = "extra == 'gstreamer'", specifier = ">=3.46.0,<3.52" },
]
